{
  "pins" : [
    {
      "identity" : "zipfoundation",
      "kind" : "remoteSourceControl",
      "location" : "https://github.com/weichsel/ZIPFoundation.git",
      "state" : {
        "branch" : "development",
        "revision" : "7a685d227334f2bc3bb20c6bcb5947f37806d9f5"
      }
    }
  ],
  "version" : 2
}
